
Microsoft Visual Studio Solution File, Format Version 12.00
Project("{FAE04EC0-301F-11D3-BF4B-00C04F79EFBC}") = "Davion", "Davion\Davion.csproj", "{4819FAA6-06AB-4EB9-8AB8-3C8E7F195D97}"
EndProject
Project("{FAE04EC0-301F-11D3-BF4B-00C04F79EFBC}") = "IR", "IR\IR.csproj", "{91996446-E614-4483-86E5-C5E382347B95}"
EndProject
Project("{FAE04EC0-301F-11D3-BF4B-00C04F79EFBC}") = "Optimization", "Optimization\Optimization.csproj", "{53D823E9-4F32-4A6C-9F8E-65721DC75162}"
EndProject
Global
	GlobalSection(SolutionConfigurationPlatforms) = preSolution
		Debug|Any CPU = Debug|Any CPU
		Release|Any CPU = Release|Any CPU
	EndGlobalSection
	GlobalSection(ProjectConfigurationPlatforms) = postSolution
		{4819FAA6-06AB-4EB9-8AB8-3C8E7F195D97}.Debug|Any CPU.ActiveCfg = Debug|Any CPU
		{4819FAA6-06AB-4EB9-8AB8-3C8E7F195D97}.Debug|Any CPU.Build.0 = Debug|Any CPU
		{4819FAA6-06AB-4EB9-8AB8-3C8E7F195D97}.Release|Any CPU.ActiveCfg = Release|Any CPU
		{4819FAA6-06AB-4EB9-8AB8-3C8E7F195D97}.Release|Any CPU.Build.0 = Release|Any CPU
		{91996446-E614-4483-86E5-C5E382347B95}.Debug|Any CPU.ActiveCfg = Debug|Any CPU
		{91996446-E614-4483-86E5-C5E382347B95}.Debug|Any CPU.Build.0 = Debug|Any CPU
		{91996446-E614-4483-86E5-C5E382347B95}.Release|Any CPU.ActiveCfg = Release|Any CPU
		{91996446-E614-4483-86E5-C5E382347B95}.Release|Any CPU.Build.0 = Release|Any CPU
		{53D823E9-4F32-4A6C-9F8E-65721DC75162}.Debug|Any CPU.ActiveCfg = Debug|Any CPU
		{53D823E9-4F32-4A6C-9F8E-65721DC75162}.Debug|Any CPU.Build.0 = Debug|Any CPU
		{53D823E9-4F32-4A6C-9F8E-65721DC75162}.Release|Any CPU.ActiveCfg = Release|Any CPU
		{53D823E9-4F32-4A6C-9F8E-65721DC75162}.Release|Any CPU.Build.0 = Release|Any CPU
	EndGlobalSection
EndGlobal
